
Microsoft Visual Studio Solution File, Format Version 12.00
# Visual Studio Version 17
VisualStudioVersion = 17.9.34723.18
MinimumVisualStudioVersion = 10.0.40219.1
Project("{9A19103F-16F7-4668-BE54-9A1E7A4F7556}") = "View layer", "KhumaloCrafts\View layer.csproj", "{92421BA1-A717-4D20-BC6F-9C6EDE2FBDEE}"
EndProject
Project("{9A19103F-16F7-4668-BE54-9A1E7A4F7556}") = "Logic Layer", "Logic Layer\Logic Layer.csproj", "{CC280DA9-CEE7-468F-9DBF-EA1CAF87FA7F}"
EndProject
Project("{9A19103F-16F7-4668-BE54-9A1E7A4F7556}") = "Database Layer", "Database Layer\Database Layer.csproj", "{FB4310B1-B569-412B-ABF4-DA187B6BA86C}"
EndProject
Project("{9A19103F-16F7-4668-BE54-9A1E7A4F7556}") = "KhumaloCraftsFunctions", "KhumaloCraftsFunctions\KhumaloCraftsFunctions.csproj", "{46CE2E0F-1276-4E7D-B02C-3AECCF266FF0}"
EndProject
Global
	GlobalSection(SolutionConfigurationPlatforms) = preSolution
		Debug|Any CPU = Debug|Any CPU
		Release|Any CPU = Release|Any CPU
	EndGlobalSection
	GlobalSection(ProjectConfigurationPlatforms) = postSolution
		{92421BA1-A717-4D20-BC6F-9C6EDE2FBDEE}.Debug|Any CPU.ActiveCfg = Debug|Any CPU
		{92421BA1-A717-4D20-BC6F-9C6EDE2FBDEE}.Debug|Any CPU.Build.0 = Debug|Any CPU
		{92421BA1-A717-4D20-BC6F-9C6EDE2FBDEE}.Release|Any CPU.ActiveCfg = Release|Any CPU
		{92421BA1-A717-4D20-BC6F-9C6EDE2FBDEE}.Release|Any CPU.Build.0 = Release|Any CPU
		{CC280DA9-CEE7-468F-9DBF-EA1CAF87FA7F}.Debug|Any CPU.ActiveCfg = Debug|Any CPU
		{CC280DA9-CEE7-468F-9DBF-EA1CAF87FA7F}.Debug|Any CPU.Build.0 = Debug|Any CPU
		{CC280DA9-CEE7-468F-9DBF-EA1CAF87FA7F}.Release|Any CPU.ActiveCfg = Release|Any CPU
		{CC280DA9-CEE7-468F-9DBF-EA1CAF87FA7F}.Release|Any CPU.Build.0 = Release|Any CPU
		{FB4310B1-B569-412B-ABF4-DA187B6BA86C}.Debug|Any CPU.ActiveCfg = Debug|Any CPU
		{FB4310B1-B569-412B-ABF4-DA187B6BA86C}.Debug|Any CPU.Build.0 = Debug|Any CPU
		{FB4310B1-B569-412B-ABF4-DA187B6BA86C}.Release|Any CPU.ActiveCfg = Release|Any CPU
		{FB4310B1-B569-412B-ABF4-DA187B6BA86C}.Release|Any CPU.Build.0 = Release|Any CPU
		{46CE2E0F-1276-4E7D-B02C-3AECCF266FF0}.Debug|Any CPU.ActiveCfg = Debug|Any CPU
		{46CE2E0F-1276-4E7D-B02C-3AECCF266FF0}.Debug|Any CPU.Build.0 = Debug|Any CPU
		{46CE2E0F-1276-4E7D-B02C-3AECCF266FF0}.Release|Any CPU.ActiveCfg = Release|Any CPU
		{46CE2E0F-1276-4E7D-B02C-3AECCF266FF0}.Release|Any CPU.Build.0 = Release|Any CPU
	EndGlobalSection
	GlobalSection(SolutionProperties) = preSolution
		HideSolutionNode = FALSE
	EndGlobalSection
	GlobalSection(ExtensibilityGlobals) = postSolution
		SolutionGuid = {703D215C-7B31-4D5A-8645-83101A4D617E}
	EndGlobalSection
EndGlobal
